
Microsoft Visual Studio Solution File, Format Version 12.00
# Visual Studio Version 17
VisualStudioVersion = 17.3.32825.248
MinimumVisualStudioVersion = 10.0.40219.1
Project("{9A19103F-16F7-4668-BE54-9A1E7A4F7556}") = "FileManagerProject", "FileManagerProject.csproj", "{4E72299C-5B48-40D6-B57A-81D89748BAC3}"
EndProject
Project("{FAE04EC0-301F-11D3-BF4B-00C04F79EFBC}") = "TestFileManagerProject", "..\TestFileManagerProject\TestFileManagerProject.csproj", "{E431E7BA-9CB4-49F6-880A-A4A35F3210E9}"
EndProject
Global
	GlobalSection(SolutionConfigurationPlatforms) = preSolution
		Debug|Any CPU = Debug|Any CPU
		Release|Any CPU = Release|Any CPU
	EndGlobalSection
	GlobalSection(ProjectConfigurationPlatforms) = postSolution
		{4E72299C-5B48-40D6-B57A-81D89748BAC3}.Debug|Any CPU.ActiveCfg = Debug|Any CPU
		{4E72299C-5B48-40D6-B57A-81D89748BAC3}.Debug|Any CPU.Build.0 = Debug|Any CPU
		{4E72299C-5B48-40D6-B57A-81D89748BAC3}.Release|Any CPU.ActiveCfg = Release|Any CPU
		{4E72299C-5B48-40D6-B57A-81D89748BAC3}.Release|Any CPU.Build.0 = Release|Any CPU
		{E431E7BA-9CB4-49F6-880A-A4A35F3210E9}.Debug|Any CPU.ActiveCfg = Debug|Any CPU
		{E431E7BA-9CB4-49F6-880A-A4A35F3210E9}.Debug|Any CPU.Build.0 = Debug|Any CPU
		{E431E7BA-9CB4-49F6-880A-A4A35F3210E9}.Release|Any CPU.ActiveCfg = Release|Any CPU
		{E431E7BA-9CB4-49F6-880A-A4A35F3210E9}.Release|Any CPU.Build.0 = Release|Any CPU
	EndGlobalSection
	GlobalSection(SolutionProperties) = preSolution
		HideSolutionNode = FALSE
	EndGlobalSection
	GlobalSection(ExtensibilityGlobals) = postSolution
		SolutionGuid = {7B4E8E45-D8D5-425C-8294-197E6E09A1DC}
	EndGlobalSection
EndGlobal
